
Microsoft Visual Studio Solution File, Format Version 12.00
# Visual Studio Version 17
VisualStudioVersion = 17.2.32526.322
MinimumVisualStudioVersion = 10.0.40219.1
Project("{FAE04EC0-301F-11D3-BF4B-00C04F79EFBC}") = "MyFarm", "MyFarm.csproj", "{5807F1B3-9433-4E84-8B2D-3C0EED3C440B}"
EndProject
Global
	GlobalSection(SolutionConfigurationPlatforms) = preSolution
		Debug|Any CPU = Debug|Any CPU
		Release|Any CPU = Release|Any CPU
	EndGlobalSection
	GlobalSection(ProjectConfigurationPlatforms) = postSolution
		{5807F1B3-9433-4E84-8B2D-3C0EED3C440B}.Debug|Any CPU.ActiveCfg = Debug|Any CPU
		{5807F1B3-9433-4E84-8B2D-3C0EED3C440B}.Debug|Any CPU.Build.0 = Debug|Any CPU
		{5807F1B3-9433-4E84-8B2D-3C0EED3C440B}.Release|Any CPU.ActiveCfg = Release|Any CPU
		{5807F1B3-9433-4E84-8B2D-3C0EED3C440B}.Release|Any CPU.Build.0 = Release|Any CPU
	EndGlobalSection
	GlobalSection(SolutionProperties) = preSolution
		HideSolutionNode = FALSE
	EndGlobalSection
	GlobalSection(ExtensibilityGlobals) = postSolution
		SolutionGuid = {D337EF8B-8247-499E-B5F5-B2190FFE1B5B}
	EndGlobalSection
EndGlobal
